
Microsoft Visual Studio Solution File, Format Version 12.00
# Visual Studio Version 17
VisualStudioVersion = 17.3.32819.101
MinimumVisualStudioVersion = 10.0.40219.1
Project("{FAE04EC0-301F-11D3-BF4B-00C04F79EFBC}") = "NorthWND_UI", "NorthWND_UI\NorthWND_UI.csproj", "{38E9A21D-7C07-415F-B860-2A248ECDBFCF}"
EndProject
Project("{FAE04EC0-301F-11D3-BF4B-00C04F79EFBC}") = "NorthWND_BusinessLayer", "NorthWND_BusinessLayer\NorthWND_BusinessLayer.csproj", "{73D2FF6E-D365-4EBA-AD3B-4AD5E719D156}"
EndProject
Project("{FAE04EC0-301F-11D3-BF4B-00C04F79EFBC}") = "NorthWND_DataAccessLayer", "NorthWND_DataAccessLayer\NorthWND_DataAccessLayer.csproj", "{CE0E021D-4969-42BF-A183-D8DEB932E9F9}"
EndProject
Project("{FAE04EC0-301F-11D3-BF4B-00C04F79EFBC}") = "NorthWND_Infrastructure", "NorthWND_Infrastructure\NorthWND_Infrastructure.csproj", "{42657BFD-865F-40D8-A485-539E0B6BCFF4}"
EndProject
Project("{FAE04EC0-301F-11D3-BF4B-00C04F79EFBC}") = "NorthWND_Models", "NorthWND_Modesl\NorthWND_Models.csproj", "{A8E498AF-D264-47D2-A9C4-2859353CC841}"
EndProject
Global
	GlobalSection(SolutionConfigurationPlatforms) = preSolution
		Debug|Any CPU = Debug|Any CPU
		Release|Any CPU = Release|Any CPU
	EndGlobalSection
	GlobalSection(ProjectConfigurationPlatforms) = postSolution
		{38E9A21D-7C07-415F-B860-2A248ECDBFCF}.Debug|Any CPU.ActiveCfg = Debug|Any CPU
		{38E9A21D-7C07-415F-B860-2A248ECDBFCF}.Debug|Any CPU.Build.0 = Debug|Any CPU
		{38E9A21D-7C07-415F-B860-2A248ECDBFCF}.Release|Any CPU.ActiveCfg = Release|Any CPU
		{38E9A21D-7C07-415F-B860-2A248ECDBFCF}.Release|Any CPU.Build.0 = Release|Any CPU
		{73D2FF6E-D365-4EBA-AD3B-4AD5E719D156}.Debug|Any CPU.ActiveCfg = Debug|Any CPU
		{73D2FF6E-D365-4EBA-AD3B-4AD5E719D156}.Debug|Any CPU.Build.0 = Debug|Any CPU
		{73D2FF6E-D365-4EBA-AD3B-4AD5E719D156}.Release|Any CPU.ActiveCfg = Release|Any CPU
		{73D2FF6E-D365-4EBA-AD3B-4AD5E719D156}.Release|Any CPU.Build.0 = Release|Any CPU
		{CE0E021D-4969-42BF-A183-D8DEB932E9F9}.Debug|Any CPU.ActiveCfg = Debug|Any CPU
		{CE0E021D-4969-42BF-A183-D8DEB932E9F9}.Debug|Any CPU.Build.0 = Debug|Any CPU
		{CE0E021D-4969-42BF-A183-D8DEB932E9F9}.Release|Any CPU.ActiveCfg = Release|Any CPU
		{CE0E021D-4969-42BF-A183-D8DEB932E9F9}.Release|Any CPU.Build.0 = Release|Any CPU
		{42657BFD-865F-40D8-A485-539E0B6BCFF4}.Debug|Any CPU.ActiveCfg = Debug|Any CPU
		{42657BFD-865F-40D8-A485-539E0B6BCFF4}.Debug|Any CPU.Build.0 = Debug|Any CPU
		{42657BFD-865F-40D8-A485-539E0B6BCFF4}.Release|Any CPU.ActiveCfg = Release|Any CPU
		{42657BFD-865F-40D8-A485-539E0B6BCFF4}.Release|Any CPU.Build.0 = Release|Any CPU
		{A8E498AF-D264-47D2-A9C4-2859353CC841}.Debug|Any CPU.ActiveCfg = Debug|Any CPU
		{A8E498AF-D264-47D2-A9C4-2859353CC841}.Debug|Any CPU.Build.0 = Debug|Any CPU
		{A8E498AF-D264-47D2-A9C4-2859353CC841}.Release|Any CPU.ActiveCfg = Release|Any CPU
		{A8E498AF-D264-47D2-A9C4-2859353CC841}.Release|Any CPU.Build.0 = Release|Any CPU
	EndGlobalSection
	GlobalSection(SolutionProperties) = preSolution
		HideSolutionNode = FALSE
	EndGlobalSection
	GlobalSection(ExtensibilityGlobals) = postSolution
		SolutionGuid = {A5F6D85C-9027-4911-894C-A2C75A49353D}
	EndGlobalSection
EndGlobal
